
Microsoft Visual Studio Solution File, Format Version 12.00
# Visual Studio Version 17
VisualStudioVersion = 17.9.34622.214
MinimumVisualStudioVersion = 10.0.40219.1
Project("{FAE04EC0-301F-11D3-BF4B-00C04F79EFBC}") = "Exercicio 9 - Aula 2", "Exercicio 9 - Aula 2.csproj", "{4C9CD699-BCCD-45D4-B615-36C22DD4FE19}"
EndProject
Global
	GlobalSection(SolutionConfigurationPlatforms) = preSolution
		Debug|Any CPU = Debug|Any CPU
		Release|Any CPU = Release|Any CPU
	EndGlobalSection
	GlobalSection(ProjectConfigurationPlatforms) = postSolution
		{4C9CD699-BCCD-45D4-B615-36C22DD4FE19}.Debug|Any CPU.ActiveCfg = Debug|Any CPU
		{4C9CD699-BCCD-45D4-B615-36C22DD4FE19}.Debug|Any CPU.Build.0 = Debug|Any CPU
		{4C9CD699-BCCD-45D4-B615-36C22DD4FE19}.Release|Any CPU.ActiveCfg = Release|Any CPU
		{4C9CD699-BCCD-45D4-B615-36C22DD4FE19}.Release|Any CPU.Build.0 = Release|Any CPU
	EndGlobalSection
	GlobalSection(SolutionProperties) = preSolution
		HideSolutionNode = FALSE
	EndGlobalSection
	GlobalSection(ExtensibilityGlobals) = postSolution
		SolutionGuid = {28A77E9A-D300-4174-84E7-01BED168928C}
	EndGlobalSection
EndGlobal
