
Microsoft Visual Studio Solution File, Format Version 12.00
# Visual Studio Version 17
VisualStudioVersion = 17.9.34622.214
MinimumVisualStudioVersion = 10.0.40219.1
Project("{FAE04EC0-301F-11D3-BF4B-00C04F79EFBC}") = "Exercicio 6 - Aula 6", "Exercicio 6 - Aula 6.csproj", "{4516C91D-4D63-4908-9609-565254C3B84D}"
EndProject
Global
	GlobalSection(SolutionConfigurationPlatforms) = preSolution
		Debug|Any CPU = Debug|Any CPU
		Release|Any CPU = Release|Any CPU
	EndGlobalSection
	GlobalSection(ProjectConfigurationPlatforms) = postSolution
		{4516C91D-4D63-4908-9609-565254C3B84D}.Debug|Any CPU.ActiveCfg = Debug|Any CPU
		{4516C91D-4D63-4908-9609-565254C3B84D}.Debug|Any CPU.Build.0 = Debug|Any CPU
		{4516C91D-4D63-4908-9609-565254C3B84D}.Release|Any CPU.ActiveCfg = Release|Any CPU
		{4516C91D-4D63-4908-9609-565254C3B84D}.Release|Any CPU.Build.0 = Release|Any CPU
	EndGlobalSection
	GlobalSection(SolutionProperties) = preSolution
		HideSolutionNode = FALSE
	EndGlobalSection
	GlobalSection(ExtensibilityGlobals) = postSolution
		SolutionGuid = {79D7A5E6-48F2-49FF-A060-E1625542DB54}
	EndGlobalSection
EndGlobal
